{
  "pins" : [
    {
      "identity" : "appcenter-sdk-apple",
      "kind" : "remoteSourceControl",
      "location" : "https://github.com/microsoft/appcenter-sdk-apple.git",
      "state" : {
        "branch" : "develop",
        "revision" : "0b8122f94cf4c4085b80cb5822b426019070d54b"
      }
    },
    {
      "identity" : "combinecocoa",
      "kind" : "remoteSourceControl",
      "location" : "https://github.com/CombineCommunity/CombineCocoa.git",
      "state" : {
        "revision" : "4e262c2f9fb1cee1cb3be5717f7e6b55eb823971",
        "version" : "0.4.0"
      }
    },
    {
      "identity" : "cwlcatchexception",
      "kind" : "remoteSourceControl",
      "location" : "https://github.com/mattgallagher/CwlCatchException.git",
      "state" : {
        "revision" : "35f9e770f54ce62dd8526470f14c6e137cef3eea",
        "version" : "2.1.1"
      }
    },
    {
      "identity" : "cwlpreconditiontesting",
      "kind" : "remoteSourceControl",
      "location" : "https://github.com/mattgallagher/CwlPreconditionTesting.git",
      "state" : {
        "revision" : "c21f7bab5ca8eee0a9998bbd17ca1d0eb45d4688",
        "version" : "2.1.0"
      }
    },
    {
      "identity" : "nimble",
      "kind" : "remoteSourceControl",
      "location" : "https://github.com/Quick/Nimble.git",
      "state" : {
        "branch" : "main",
        "revision" : "6861b277ef288c38dbc435d81a1cdca6068a01c3"
      }
    },
    {
      "identity" : "plcrashreporter",
      "kind" : "remoteSourceControl",
      "location" : "https://github.com/microsoft/PLCrashReporter.git",
      "state" : {
        "revision" : "81cdec2b3827feb03286cb297f4c501a8eb98df1",
        "version" : "1.10.2"
      }
    },
    {
      "identity" : "quick",
      "kind" : "remoteSourceControl",
      "location" : "https://github.com/Quick/Quick.git",
      "state" : {
        "branch" : "main",
        "revision" : "7ed1044a070272fe644102bd4f03996f8307c5db"
      }
    },
    {
      "identity" : "r.swift.library",
      "kind" : "remoteSourceControl",
      "location" : "https://github.com/mac-cain13/R.swift.Library",
      "state" : {
        "branch" : "master",
        "revision" : "3a64127e8113cc33179504dfadc91b361d55a0b1"
      }
    },
    {
      "identity" : "realm-cocoa",
      "kind" : "remoteSourceControl",
      "location" : "https://github.com/realm/realm-cocoa.git",
      "state" : {
        "branch" : "master",
        "revision" : "792c730c811c7c3e2da23e0d044c1584b0746b02"
      }
    },
    {
      "identity" : "realm-core",
      "kind" : "remoteSourceControl",
      "location" : "https://github.com/realm/realm-core",
      "state" : {
        "revision" : "55a48c287b5e3a8ca129c257ec7e3b92bcb2a05f",
        "version" : "12.3.0"
      }
    },
    {
      "identity" : "snapkit",
      "kind" : "remoteSourceControl",
      "location" : "https://github.com/SnapKit/SnapKit.git",
      "state" : {
        "branch" : "develop",
        "revision" : "07c5d1f6044701d97e94dc11157259e8811977be"
      }
    }
  ],
  "version" : 2
}
